
Microsoft Visual Studio Solution File, Format Version 12.00
# Visual Studio Version 16
VisualStudioVersion = 16.0.30523.141
MinimumVisualStudioVersion = 10.0.40219.1
Project("{FAE04EC0-301F-11D3-BF4B-00C04F79EFBC}") = "Builder", "Builder\Builder.csproj", "{11FB7A9C-B483-49B7-8DCF-5AA9349B86E5}"
EndProject
Global
	GlobalSection(SolutionConfigurationPlatforms) = preSolution
		Debug|Any CPU = Debug|Any CPU
		Release|Any CPU = Release|Any CPU
	EndGlobalSection
	GlobalSection(ProjectConfigurationPlatforms) = postSolution
		{11FB7A9C-B483-49B7-8DCF-5AA9349B86E5}.Debug|Any CPU.ActiveCfg = Debug|Any CPU
		{11FB7A9C-B483-49B7-8DCF-5AA9349B86E5}.Debug|Any CPU.Build.0 = Debug|Any CPU
		{11FB7A9C-B483-49B7-8DCF-5AA9349B86E5}.Release|Any CPU.ActiveCfg = Release|Any CPU
		{11FB7A9C-B483-49B7-8DCF-5AA9349B86E5}.Release|Any CPU.Build.0 = Release|Any CPU
	EndGlobalSection
	GlobalSection(SolutionProperties) = preSolution
		HideSolutionNode = FALSE
	EndGlobalSection
	GlobalSection(ExtensibilityGlobals) = postSolution
		SolutionGuid = {DA21CE00-70F6-44E2-BD49-B5966331F926}
	EndGlobalSection
EndGlobal
